// !$*UTF8*$!
{
	archiveVersion = 1;
	classes = {
	};
	objectVersion = 56;
	objects = {

/* Begin PBXBuildFile section */
		058557BB273AAA24004C7B11 /* Assets.xcassets in Resources */ = {isa = PBXBuildFile; fileRef = 058557BA273AAA24004C7B11 /* Assets.xcassets */; };
		058557D9273AAEEB004C7B11 /* ContentView.swift in Sources */ = {isa = PBXBuildFile; fileRef = 058557D8273AAEEB004C7B11 /* ContentView.swift */; };
		2152FB042600AC8F00CF470E /* iOSApp.swift in Sources */ = {isa = PBXBuildFile; fileRef = 2152FB032600AC8F00CF470E /* iOSApp.swift */; };
		A1B2C3D4E5F60718293A4B51 /* alarm_classic.wav in Resources */ = {isa = PBXBuildFile; fileRef = A1B2C3D4E5F60718293A4B41 /* alarm_classic.wav */; };
		A1B2C3D4E5F60718293A4B52 /* alarm_gentle.wav in Resources */ = {isa = PBXBuildFile; fileRef = A1B2C3D4E5F60718293A4B42 /* alarm_gentle.wav */; };
		A1B2C3D4E5F60718293A4B53 /* alarm_digital.wav in Resources */ = {isa = PBXBuildFile; fileRef = A1B2C3D4E5F60718293A4B43 /* alarm_digital.wav */; };
		A1B2C3D4E5F60718293A4B54 /* alarm_nature.wav in Resources */ = {isa = PBXBuildFile; fileRef = A1B2C3D4E5F60718293A4B44 /* alarm_nature.wav */; };
		A1B2C3D4E5F60718293A4B55 /* alarm_urgent.wav in Resources */ = {isa = PBXBuildFile; fileRef = A1B2C3D4E5F60718293A4B45 /* alarm_urgent.wav */; };
		A1B2C3D4E5F60718293A4B61 /* alarm_classic.caf in Resources */ = {isa = PBXBuildFile; fileRef = A1B2C3D4E5F60718293A4B56 /* alarm_classic.caf */; };
		A1B2C3D4E5F60718293A4B62 /* alarm_gentle.caf in Resources */ = {isa = PBXBuildFile; fileRef = A1B2C3D4E5F60718293A4B57 /* alarm_gentle.caf */; };
		A1B2C3D4E5F60718293A4B63 /* alarm_digital.caf in Resources */ = {isa = PBXBuildFile; fileRef = A1B2C3D4E5F60718293A4B58 /* alarm_digital.caf */; };
		A1B2C3D4E5F60718293A4B64 /* alarm_nature.caf in Resources */ = {isa = PBXBuildFile; fileRef = A1B2C3D4E5F60718293A4B59 /* alarm_nature.caf */; };
		A1B2C3D4E5F60718293A4B65 /* alarm_urgent.caf in Resources */ = {isa = PBXBuildFile; fileRef = A1B2C3D4E5F60718293A4B5A /* alarm_urgent.caf */; };
		ALARMKIT01273AAA24004C7B11 /* AlarmKitWrapper.swift in Sources */ = {isa = PBXBuildFile; fileRef = ALARMKIT02273AAA24004C7B11 /* AlarmKitWrapper.swift */; };
		ALARMAUDIO01273AAA24004C7B /* AlarmAudioController.swift in Sources */ = {isa = PBXBuildFile; fileRef = ALARMAUDIO02273AAA24004C7B /* AlarmAudioController.swift */; };
		B4C0D1E2F3A4051627384950 /* LaunchScreen.storyboard in Resources */ = {isa = PBXBuildFile; fileRef = B4C0D1E2F3A405162738494F /* LaunchScreen.storyboard */; };
/* End PBXBuildFile section */

/* Begin PBXFileReference section */
		058557BA273AAA24004C7B11 /* Assets.xcassets */ = {isa = PBXFileReference; lastKnownFileType = folder.assetcatalog; path = Assets.xcassets; sourceTree = "<group>"; };
		058557D8273AAEEB004C7B11 /* ContentView.swift */ = {isa = PBXFileReference; fileEncoding = 4; lastKnownFileType = sourcecode.swift; path = ContentView.swift; sourceTree = "<group>"; };
		2152FB032600AC8F00CF470E /* iOSApp.swift */ = {isa = PBXFileReference; lastKnownFileType = sourcecode.swift; path = iOSApp.swift; sourceTree = "<group>"; };
		7555FF7B242A565900829871 /* MathAlarm.app */ = {isa = PBXFileReference; explicitFileType = wrapper.application; includeInIndex = 0; path = MathAlarm.app; sourceTree = BUILT_PRODUCTS_DIR; };
		7555FF8C242A565B00829871 /* Info.plist */ = {isa = PBXFileReference; lastKnownFileType = text.plist.xml; path = Info.plist; sourceTree = "<group>"; };
		A1B2C3D4E5F60718293A4B41 /* alarm_classic.wav */ = {isa = PBXFileReference; lastKnownFileType = audio.wav; path = alarm_classic.wav; sourceTree = "<group>"; };
		A1B2C3D4E5F60718293A4B42 /* alarm_gentle.wav */ = {isa = PBXFileReference; lastKnownFileType = audio.wav; path = alarm_gentle.wav; sourceTree = "<group>"; };
		A1B2C3D4E5F60718293A4B43 /* alarm_digital.wav */ = {isa = PBXFileReference; lastKnownFileType = audio.wav; path = alarm_digital.wav; sourceTree = "<group>"; };
		A1B2C3D4E5F60718293A4B44 /* alarm_nature.wav */ = {isa = PBXFileReference; lastKnownFileType = audio.wav; path = alarm_nature.wav; sourceTree = "<group>"; };
		A1B2C3D4E5F60718293A4B45 /* alarm_urgent.wav */ = {isa = PBXFileReference; lastKnownFileType = audio.wav; path = alarm_urgent.wav; sourceTree = "<group>"; };
		A1B2C3D4E5F60718293A4B56 /* alarm_classic.caf */ = {isa = PBXFileReference; lastKnownFileType = file; path = alarm_classic.caf; sourceTree = "<group>"; };
		A1B2C3D4E5F60718293A4B57 /* alarm_gentle.caf */ = {isa = PBXFileReference; lastKnownFileType = file; path = alarm_gentle.caf; sourceTree = "<group>"; };
		A1B2C3D4E5F60718293A4B58 /* alarm_digital.caf */ = {isa = PBXFileReference; lastKnownFileType = file; path = alarm_digital.caf; sourceTree = "<group>"; };
		A1B2C3D4E5F60718293A4B59 /* alarm_nature.caf */ = {isa = PBXFileReference; lastKnownFileType = file; path = alarm_nature.caf; sourceTree = "<group>"; };
		A1B2C3D4E5F60718293A4B5A /* alarm_urgent.caf */ = {isa = PBXFileReference; lastKnownFileType = file; path = alarm_urgent.caf; sourceTree = "<group>"; };
		ALARMKIT02273AAA24004C7B11 /* AlarmKitWrapper.swift */ = {isa = PBXFileReference; lastKnownFileType = sourcecode.swift; path = AlarmKitWrapper.swift; sourceTree = "<group>"; };
		ALARMAUDIO02273AAA24004C7B /* AlarmAudioController.swift */ = {isa = PBXFileReference; lastKnownFileType = sourcecode.swift; path = AlarmAudioController.swift; sourceTree = "<group>"; };
		B4C0D1E2F3A405162738494F /* LaunchScreen.storyboard */ = {isa = PBXFileReference; lastKnownFileType = file.storyboard; name = LaunchScreen.storyboard; path = Base.lproj/LaunchScreen.storyboard; sourceTree = "<group>"; };
/* End PBXFileReference section */

/* Begin PBXFrameworksBuildPhase section */
		7555FF78242A565900829871 /* Frameworks */ = {
			isa = PBXFrameworksBuildPhase;
			buildActionMask = 2147483647;
			files = (
			);
			runOnlyForDeploymentPostprocessing = 0;
		};
/* End PBXFrameworksBuildPhase section */

/* Begin PBXGroup section */
		058557D7273AAEEB004C7B11 /* iosApp */ = {
			isa = PBXGroup;
			children = (
				ALARMAUDIO02273AAA24004C7B /* AlarmAudioController.swift */,
				ALARMKIT02273AAA24004C7B11 /* AlarmKitWrapper.swift */,
				058557BA273AAA24004C7B11 /* Assets.xcassets */,
				058557D8273AAEEB004C7B11 /* ContentView.swift */,
				2152FB032600AC8F00CF470E /* iOSApp.swift */,
				B4C0D1E2F3A405162738494F /* LaunchScreen.storyboard */,
				7555FF8C242A565B00829871 /* Info.plist */,
				A1B2C3D4E5F60718293A4B40 /* Sounds */,
			);
			path = iosApp;
			sourceTree = "<group>";
		};
		A1B2C3D4E5F60718293A4B40 /* Sounds */ = {
			isa = PBXGroup;
			children = (
				A1B2C3D4E5F60718293A4B41 /* alarm_classic.wav */,
				A1B2C3D4E5F60718293A4B42 /* alarm_gentle.wav */,
				A1B2C3D4E5F60718293A4B43 /* alarm_digital.wav */,
				A1B2C3D4E5F60718293A4B44 /* alarm_nature.wav */,
				A1B2C3D4E5F60718293A4B45 /* alarm_urgent.wav */,
				A1B2C3D4E5F60718293A4B56 /* alarm_classic.caf */,
				A1B2C3D4E5F60718293A4B57 /* alarm_gentle.caf */,
				A1B2C3D4E5F60718293A4B58 /* alarm_digital.caf */,
				A1B2C3D4E5F60718293A4B59 /* alarm_nature.caf */,
				A1B2C3D4E5F60718293A4B5A /* alarm_urgent.caf */,
			);
			path = Sounds;
			sourceTree = "<group>";
		};
		7555FF72242A565900829871 = {
			isa = PBXGroup;
			children = (
				058557D7273AAEEB004C7B11 /* iosApp */,
				7555FF7C242A565900829871 /* Products */,
				7555FFB0242A642200829871 /* Frameworks */,
			);
			sourceTree = "<group>";
		};
		7555FF7C242A565900829871 /* Products */ = {
			isa = PBXGroup;
			children = (
				7555FF7B242A565900829871 /* MathAlarm.app */,
			);
			name = Products;
			sourceTree = "<group>";
		};
		7555FFB0242A642200829871 /* Frameworks */ = {
			isa = PBXGroup;
			children = (
			);
			name = Frameworks;
			sourceTree = "<group>";
		};
/* End PBXGroup section */

/* Begin PBXNativeTarget section */
		7555FF7A242A565900829871 /* iosApp */ = {
			isa = PBXNativeTarget;
			buildConfigurationList = 7555FFA5242A565B00829871 /* Build configuration list for PBXNativeTarget "iosApp" */;
			buildPhases = (
				7555FFB5242A651A00829871 /* Build Kotlin Framework */,
				7555FF77242A565900829871 /* Sources */,
				7555FF78242A565900829871 /* Frameworks */,
				7555FF79242A565900829871 /* Resources */,
			);
			buildRules = (
			);
			dependencies = (
			);
			name = iosApp;
			productName = iosApp;
			productReference = 7555FF7B242A565900829871 /* MathAlarm.app */;
			productType = "com.apple.product-type.application";
		};
/* End PBXNativeTarget section */

/* Begin PBXProject section */
		7555FF73242A565900829871 /* Project object */ = {
			isa = PBXProject;
			attributes = {
				BuildIndependentTargetsInParallel = YES;
				LastSwiftUpdateCheck = 1540;
				LastUpgradeCheck = 1540;
				TargetAttributes = {
					7555FF7A242A565900829871 = {
						CreatedOnToolsVersion = 11.4;
					};
				};
			};
			buildConfigurationList = 7555FF76242A565900829871 /* Build configuration list for PBXProject "iosApp" */;
			compatibilityVersion = "Xcode 14.0";
			developmentRegion = en;
			hasScannedForEncodings = 0;
			knownRegions = (
				en,
				Base,
			);
			mainGroup = 7555FF72242A565900829871;
			productRefGroup = 7555FF7C242A565900829871 /* Products */;
			projectDirPath = "";
			projectRoot = "";
			targets = (
				7555FF7A242A565900829871 /* iosApp */,
			);
		};
/* End PBXProject section */

/* Begin PBXResourcesBuildPhase section */
		7555FF79242A565900829871 /* Resources */ = {
			isa = PBXResourcesBuildPhase;
			buildActionMask = 2147483647;
			files = (
				058557BB273AAA24004C7B11 /* Assets.xcassets in Resources */,
				A1B2C3D4E5F60718293A4B51 /* alarm_classic.wav in Resources */,
				A1B2C3D4E5F60718293A4B52 /* alarm_gentle.wav in Resources */,
				A1B2C3D4E5F60718293A4B53 /* alarm_digital.wav in Resources */,
				A1B2C3D4E5F60718293A4B54 /* alarm_nature.wav in Resources */,
				A1B2C3D4E5F60718293A4B55 /* alarm_urgent.wav in Resources */,
				A1B2C3D4E5F60718293A4B61 /* alarm_classic.caf in Resources */,
				A1B2C3D4E5F60718293A4B62 /* alarm_gentle.caf in Resources */,
				A1B2C3D4E5F60718293A4B63 /* alarm_digital.caf in Resources */,
				A1B2C3D4E5F60718293A4B64 /* alarm_nature.caf in Resources */,
				A1B2C3D4E5F60718293A4B65 /* alarm_urgent.caf in Resources */,
				B4C0D1E2F3A4051627384950 /* LaunchScreen.storyboard in Resources */,
			);
			runOnlyForDeploymentPostprocessing = 0;
		};
/* End PBXResourcesBuildPhase section */

/* Begin PBXShellScriptBuildPhase section */
		7555FFB5242A651A00829871 /* Build Kotlin Framework */ = {
			isa = PBXShellScriptBuildPhase;
			buildActionMask = 2147483647;
			files = (
			);
			inputFileListPaths = (
			);
			inputPaths = (
			);
			name = "Build Kotlin Framework";
			outputFileListPaths = (
			);
			outputPaths = (
			);
			runOnlyForDeploymentPostprocessing = 0;
			shellPath = /bin/sh;
			shellScript = "cd \"$SRCROOT/..\"\n\nCOMPOSE_IOS_PLATFORM=\"$PLATFORM_NAME\"\nCOMPOSE_IOS_ARCHS=\"$CURRENT_ARCH\"\n\nif [ -z \"$COMPOSE_IOS_ARCHS\" ] || [ \"$COMPOSE_IOS_ARCHS\" = \"undefined_arch\" ]; then\n  case \"$SDK_NAME\" in\n    iphonesimulator*) COMPOSE_IOS_ARCHS=\"arm64\" ;;\n    iphoneos*) COMPOSE_IOS_ARCHS=\"arm64\" ;;\n    *) COMPOSE_IOS_ARCHS=\"$ARCHS\" ;;\n  esac\nfi\n\n./gradlew \\\n  -Pcompose.ios.resources.platform=\"$COMPOSE_IOS_PLATFORM\" \\\n  -Pcompose.ios.resources.archs=\"$COMPOSE_IOS_ARCHS\" \\\n  :shared:embedAndSignAppleFrameworkForXcode\n";
		};
/* End PBXShellScriptBuildPhase section */

/* Begin PBXSourcesBuildPhase section */
		7555FF77242A565900829871 /* Sources */ = {
			isa = PBXSourcesBuildPhase;
			buildActionMask = 2147483647;
			files = (
				ALARMAUDIO01273AAA24004C7B /* AlarmAudioController.swift in Sources */,
				ALARMKIT01273AAA24004C7B11 /* AlarmKitWrapper.swift in Sources */,
				2152FB042600AC8F00CF470E /* iOSApp.swift in Sources */,
				058557D9273AAEEB004C7B11 /* ContentView.swift in Sources */,
			);
			runOnlyForDeploymentPostprocessing = 0;
		};
/* End PBXSourcesBuildPhase section */

/* Begin XCBuildConfiguration section */
		7555FFA3242A565B00829871 /* Debug */ = {
			isa = XCBuildConfiguration;
			buildSettings = {
				ALWAYS_SEARCH_USER_PATHS = NO;
				CLANG_ANALYZER_NONNULL = YES;
				CLANG_ANALYZER_NUMBER_OBJECT_CONVERSION = YES_AGGRESSIVE;
				CLANG_CXX_LANGUAGE_STANDARD = "gnu++14";
				CLANG_CXX_LIBRARY = "libc++";
				CLANG_ENABLE_MODULES = YES;
				CLANG_ENABLE_OBJC_ARC = YES;
				CLANG_ENABLE_OBJC_WEAK = YES;
				CLANG_WARN_BLOCK_CAPTURE_AUTORELEASING = YES;
				CLANG_WARN_BOOL_CONVERSION = YES;
				CLANG_WARN_COMMA = YES;
				CLANG_WARN_CONSTANT_CONVERSION = YES;
				CLANG_WARN_DEPRECATED_OBJC_IMPLEMENTATIONS = YES;
				CLANG_WARN_DIRECT_OBJC_ISA_USAGE = YES_ERROR;
				CLANG_WARN_DOCUMENTATION_COMMENTS = YES;
				CLANG_WARN_EMPTY_BODY = YES;
				CLANG_WARN_ENUM_CONVERSION = YES;
				CLANG_WARN_INFINITE_RECURSION = YES;
				CLANG_WARN_INT_CONVERSION = YES;
				CLANG_WARN_NON_LITERAL_NULL_CONVERSION = YES;
				CLANG_WARN_OBJC_IMPLICIT_RETAIN_SELF = YES;
				CLANG_WARN_OBJC_LITERAL_CONVERSION = YES;
				CLANG_WARN_OBJC_ROOT_CLASS = YES_ERROR;
				CLANG_WARN_QUOTED_INCLUDE_IN_FRAMEWORK_HEADER = YES;
				CLANG_WARN_RANGE_LOOP_ANALYSIS = YES;
				CLANG_WARN_STRICT_PROTOTYPES = YES;
				CLANG_WARN_SUSPICIOUS_MOVE = YES;
				CLANG_WARN_UNGUARDED_AVAILABILITY = YES_AGGRESSIVE;
				CLANG_WARN_UNREACHABLE_CODE = YES;
				CLANG_WARN__DUPLICATE_METHOD_MATCH = YES;
				COPY_PHASE_STRIP = NO;
				DEBUG_INFORMATION_FORMAT = "dwarf-with-dsym";
				ENABLE_STRICT_OBJC_MSGSEND = YES;
				ENABLE_TESTABILITY = YES;
				GCC_C_LANGUAGE_STANDARD = gnu11;
				GCC_DYNAMIC_NO_PIC = NO;
				GCC_NO_COMMON_BLOCKS = YES;
				GCC_OPTIMIZATION_LEVEL = 0;
				GCC_PREPROCESSOR_DEFINITIONS = (
					"DEBUG=1",
					"$(inherited)",
				);
				GCC_WARN_64_TO_32_BIT_CONVERSION = YES;
				GCC_WARN_ABOUT_RETURN_TYPE = YES_ERROR;
				GCC_WARN_UNDECLARED_SELECTOR = YES;
				GCC_WARN_UNINITIALIZED_AUTOS = YES_AGGRESSIVE;
				GCC_WARN_UNUSED_FUNCTION = YES;
				GCC_WARN_UNUSED_VARIABLE = YES;
				IPHONEOS_DEPLOYMENT_TARGET = 15.0;
				MTL_ENABLE_DEBUG_INFO = INCLUDE_SOURCE;
				MTL_FAST_MATH = YES;
				ONLY_ACTIVE_ARCH = YES;
				SDKROOT = iphoneos;
				SWIFT_ACTIVE_COMPILATION_CONDITIONS = DEBUG;
				SWIFT_OPTIMIZATION_LEVEL = "-Onone";
			};
			name = Debug;
		};
		7555FFA4242A565B00829871 /* Release */ = {
			isa = XCBuildConfiguration;
			buildSettings = {
				ALWAYS_SEARCH_USER_PATHS = NO;
				CLANG_ANALYZER_NONNULL = YES;
				CLANG_ANALYZER_NUMBER_OBJECT_CONVERSION = YES_AGGRESSIVE;
				CLANG_CXX_LANGUAGE_STANDARD = "gnu++14";
				CLANG_CXX_LIBRARY = "libc++";
				CLANG_ENABLE_MODULES = YES;
				CLANG_ENABLE_OBJC_ARC = YES;
				CLANG_ENABLE_OBJC_WEAK = YES;
				CLANG_WARN_BLOCK_CAPTURE_AUTORELEASING = YES;
				CLANG_WARN_BOOL_CONVERSION = YES;
				CLANG_WARN_COMMA = YES;
				CLANG_WARN_CONSTANT_CONVERSION = YES;
				CLANG_WARN_DEPRECATED_OBJC_IMPLEMENTATIONS = YES;
				CLANG_WARN_DIRECT_OBJC_ISA_USAGE = YES_ERROR;
				CLANG_WARN_DOCUMENTATION_COMMENTS = YES;
				CLANG_WARN_EMPTY_BODY = YES;
				CLANG_WARN_ENUM_CONVERSION = YES;
				CLANG_WARN_INFINITE_RECURSION = YES;
				CLANG_WARN_INT_CONVERSION = YES;
				CLANG_WARN_NON_LITERAL_NULL_CONVERSION = YES;
				CLANG_WARN_OBJC_IMPLICIT_RETAIN_SELF = YES;
				CLANG_WARN_OBJC_LITERAL_CONVERSION = YES;
				CLANG_WARN_OBJC_ROOT_CLASS = YES_ERROR;
				CLANG_WARN_QUOTED_INCLUDE_IN_FRAMEWORK_HEADER = YES;
				CLANG_WARN_RANGE_LOOP_ANALYSIS = YES;
				CLANG_WARN_STRICT_PROTOTYPES = YES;
				CLANG_WARN_SUSPICIOUS_MOVE = YES;
				CLANG_WARN_UNGUARDED_AVAILABILITY = YES_AGGRESSIVE;
				CLANG_WARN_UNREACHABLE_CODE = YES;
				CLANG_WARN__DUPLICATE_METHOD_MATCH = YES;
				COPY_PHASE_STRIP = NO;
				DEBUG_INFORMATION_FORMAT = "dwarf-with-dsym";
				ENABLE_NS_ASSERTIONS = NO;
				ENABLE_STRICT_OBJC_MSGSEND = YES;
				GCC_C_LANGUAGE_STANDARD = gnu11;
				GCC_NO_COMMON_BLOCKS = YES;
				GCC_WARN_64_TO_32_BIT_CONVERSION = YES;
				GCC_WARN_ABOUT_RETURN_TYPE = YES_ERROR;
				GCC_WARN_UNDECLARED_SELECTOR = YES;
				GCC_WARN_UNINITIALIZED_AUTOS = YES_AGGRESSIVE;
				GCC_WARN_UNUSED_FUNCTION = YES;
				GCC_WARN_UNUSED_VARIABLE = YES;
				IPHONEOS_DEPLOYMENT_TARGET = 15.0;
				MTL_ENABLE_DEBUG_INFO = NO;
				MTL_FAST_MATH = YES;
				SDKROOT = iphoneos;
				SWIFT_COMPILATION_MODE = wholemodule;
				SWIFT_OPTIMIZATION_LEVEL = "-O";
				VALIDATE_PRODUCT = YES;
			};
			name = Release;
		};
		7555FFA6242A565B00829871 /* Debug */ = {
			isa = XCBuildConfiguration;
			buildSettings = {
				ASSETCATALOG_COMPILER_APPICON_NAME = AppIcon;
				CODE_SIGN_STYLE = Automatic;
				DEVELOPMENT_TEAM = AAM7WVDGCW;
				ENABLE_PREVIEWS = YES;
				"EXCLUDED_ARCHS[sdk=iphonesimulator*]" = x86_64;
				FRAMEWORK_SEARCH_PATHS = (
					"$(inherited)",
					"$(SRCROOT)/../shared/build/xcode-frameworks/$(CONFIGURATION)/$(SDK_NAME)",
				);
				INFOPLIST_FILE = iosApp/Info.plist;
				LD_RUNPATH_SEARCH_PATHS = (
					"$(inherited)",
					"@executable_path/Frameworks",
				);
				OTHER_LDFLAGS = (
					"$(inherited)",
					"-framework",
					app,
				);
				PRODUCT_BUNDLE_IDENTIFIER = com.timilehinaregbesola.mathalarm;
				PRODUCT_NAME = MathAlarm;
				SWIFT_VERSION = 5.0;
				TARGETED_DEVICE_FAMILY = "1,2";
			};
			name = Debug;
		};
		7555FFA7242A565B00829871 /* Release */ = {
			isa = XCBuildConfiguration;
			buildSettings = {
				ASSETCATALOG_COMPILER_APPICON_NAME = AppIcon;
				CODE_SIGN_STYLE = Automatic;
				DEVELOPMENT_TEAM = AAM7WVDGCW;
				ENABLE_PREVIEWS = YES;
				"EXCLUDED_ARCHS[sdk=iphonesimulator*]" = x86_64;
				FRAMEWORK_SEARCH_PATHS = (
					"$(inherited)",
					"$(SRCROOT)/../shared/build/xcode-frameworks/$(CONFIGURATION)/$(SDK_NAME)",
				);
				INFOPLIST_FILE = iosApp/Info.plist;
				LD_RUNPATH_SEARCH_PATHS = (
					"$(inherited)",
					"@executable_path/Frameworks",
				);
				OTHER_LDFLAGS = (
					"$(inherited)",
					"-framework",
					app,
				);
				PRODUCT_BUNDLE_IDENTIFIER = com.timilehinaregbesola.mathalarm;
				PRODUCT_NAME = MathAlarm;
				SWIFT_VERSION = 5.0;
				TARGETED_DEVICE_FAMILY = "1,2";
			};
			name = Release;
		};
/* End XCBuildConfiguration section */

/* Begin XCConfigurationList section */
		7555FF76242A565900829871 /* Build configuration list for PBXProject "iosApp" */ = {
			isa = XCConfigurationList;
			buildConfigurations = (
				7555FFA3242A565B00829871 /* Debug */,
				7555FFA4242A565B00829871 /* Release */,
			);
			defaultConfigurationIsVisible = 0;
			defaultConfigurationName = Release;
		};
		7555FFA5242A565B00829871 /* Build configuration list for PBXNativeTarget "iosApp" */ = {
			isa = XCConfigurationList;
			buildConfigurations = (
				7555FFA6242A565B00829871 /* Debug */,
				7555FFA7242A565B00829871 /* Release */,
			);
			defaultConfigurationIsVisible = 0;
			defaultConfigurationName = Release;
		};
/* End XCConfigurationList section */
	};
	rootObject = 7555FF73242A565900829871 /* Project object */;
}
